# THIS IS AN AUTOGENERATED FILE. DO NOT EDIT THIS FILE DIRECTLY.
# yarn lockfile v1


base-x@3.0.4, base-x@^3.0.2:
  version "3.0.4"
  resolved "https://registry.yarnpkg.com/base-x/-/base-x-3.0.4.tgz#94c1788736da065edb1d68808869e357c977fa77"
  dependencies:
    safe-buffer "^5.0.1"

bs58@^4.0.1:
  version "4.0.1"
  resolved "https://registry.yarnpkg.com/bs58/-/bs58-4.0.1.tgz#be161e76c354f6f788ae4071f63f34e8c4f0a42a"
  dependencies:
    base-x "^3.0.2"

cids@^0.5.3:
  version "0.5.3"
  resolved "https://registry.yarnpkg.com/cids/-/cids-0.5.3.tgz#9a25b697eb76faf807afcec35c4ab936edfbd0a4"
  dependencies:
    multibase "~0.4.0"
    multicodec "~0.2.6"
    multihashes "~0.4.13"

debug@^3.1.0:
  version "3.1.0"
  resolved "https://registry.yarnpkg.com/debug/-/debug-3.1.0.tgz#5bb5a0672628b64149566ba16819e61518c67261"
  dependencies:
    ms "2.0.0"

eventemitter3@^3.0.0:
  version "3.1.0"
  resolved "https://registry.yarnpkg.com/eventemitter3/-/eventemitter3-3.1.0.tgz#090b4d6cdbd645ed10bf750d4b5407942d7ba163"

follow-redirects@^1.0.0:
  version "1.5.6"
  resolved "https://registry.yarnpkg.com/follow-redirects/-/follow-redirects-1.5.6.tgz#44eb4fe1981dff25e2bd86b7d4033abcdb81e965"
  dependencies:
    debug "^3.1.0"

http-proxy@*:
  version "1.17.0"
  resolved "https://registry.yarnpkg.com/http-proxy/-/http-proxy-1.17.0.tgz#7ad38494658f84605e2f6db4436df410f4e5be9a"
  dependencies:
    eventemitter3 "^3.0.0"
    follow-redirects "^1.0.0"
    requires-port "^1.0.0"

ms@2.0.0:
  version "2.0.0"
  resolved "https://registry.yarnpkg.com/ms/-/ms-2.0.0.tgz#5608aeadfc00be6c2901df5f9861788de0d597c8"

multibase@~0.4.0:
  version "0.4.0"
  resolved "https://registry.yarnpkg.com/multibase/-/multibase-0.4.0.tgz#1bdb62c82de0114f822a1d8751bcbee91cd2efba"
  dependencies:
    base-x "3.0.4"

multicodec@~0.2.6:
  version "0.2.7"
  resolved "https://registry.yarnpkg.com/multicodec/-/multicodec-0.2.7.tgz#44dcb902b7ccd8065c4c348fe9987acf14a0679d"
  dependencies:
    varint "^5.0.0"

multihashes@~0.4.13:
  version "0.4.14"
  resolved "https://registry.yarnpkg.com/multihashes/-/multihashes-0.4.14.tgz#774db9a161f81a8a27dc60788f91248e020f5244"
  dependencies:
    bs58 "^4.0.1"
    varint "^5.0.0"

requires-port@^1.0.0:
  version "1.0.0"
  resolved "https://registry.yarnpkg.com/requires-port/-/requires-port-1.0.0.tgz#925d2601d39ac485e091cf0da5c6e694dc3dcaff"

safe-buffer@^5.0.1:
  version "5.1.2"
  resolved "https://registry.yarnpkg.com/safe-buffer/-/safe-buffer-5.1.2.tgz#991ec69d296e0313747d59bdfd2b745c35f8828d"

varint@^5.0.0:
  version "5.0.0"
  resolved "https://registry.yarnpkg.com/varint/-/varint-5.0.0.tgz#d826b89f7490732fabc0c0ed693ed475dcb29ebf"
